
Microsoft Visual Studio Solution File, Format Version 12.00
# Visual Studio Version 17
VisualStudioVersion = 17.4.33213.308
MinimumVisualStudioVersion = 10.0.40219.1
Project("{FAE04EC0-301F-11D3-BF4B-00C04F79EFBC}") = "Pronia", "Pronia\Pronia.csproj", "{0011E483-BBEB-4FA6-88B7-4EF6ABDD08E1}"
EndProject
Global
	GlobalSection(SolutionConfigurationPlatforms) = preSolution
		Debug|Any CPU = Debug|Any CPU
		Release|Any CPU = Release|Any CPU
	EndGlobalSection
	GlobalSection(ProjectConfigurationPlatforms) = postSolution
		{0011E483-BBEB-4FA6-88B7-4EF6ABDD08E1}.Debug|Any CPU.ActiveCfg = Debug|Any CPU
		{0011E483-BBEB-4FA6-88B7-4EF6ABDD08E1}.Debug|Any CPU.Build.0 = Debug|Any CPU
		{0011E483-BBEB-4FA6-88B7-4EF6ABDD08E1}.Release|Any CPU.ActiveCfg = Release|Any CPU
		{0011E483-BBEB-4FA6-88B7-4EF6ABDD08E1}.Release|Any CPU.Build.0 = Release|Any CPU
	EndGlobalSection
	GlobalSection(SolutionProperties) = preSolution
		HideSolutionNode = FALSE
	EndGlobalSection
	GlobalSection(ExtensibilityGlobals) = postSolution
		SolutionGuid = {7AFAF9B1-9637-4C34-B31C-4DBD04E51F45}
	EndGlobalSection
EndGlobal
